
Microsoft Visual Studio Solution File, Format Version 12.00
# Visual Studio Version 17
VisualStudioVersion = 17.14.36408.4
MinimumVisualStudioVersion = 10.0.40219.1
Project("{FAE04EC0-301F-11D3-BF4B-00C04F79EFBC}") = "SportsClub.WebApp", "SportsClub.WebApp\SportsClub.WebApp.csproj", "{489E8E43-B362-47BE-ACCA-DDE30AE836EC}"
EndProject
Project("{FAE04EC0-301F-11D3-BF4B-00C04F79EFBC}") = "SportsClub.Models", "SportsClub.Models\SportsClub.Models.csproj", "{493B61C1-FF3B-4A79-A99C-FD70EA6FAD56}"
EndProject
Global
	GlobalSection(SolutionConfigurationPlatforms) = preSolution
		Debug|Any CPU = Debug|Any CPU
		Release|Any CPU = Release|Any CPU
	EndGlobalSection
	GlobalSection(ProjectConfigurationPlatforms) = postSolution
		{489E8E43-B362-47BE-ACCA-DDE30AE836EC}.Debug|Any CPU.ActiveCfg = Debug|Any CPU
		{489E8E43-B362-47BE-ACCA-DDE30AE836EC}.Debug|Any CPU.Build.0 = Debug|Any CPU
		{489E8E43-B362-47BE-ACCA-DDE30AE836EC}.Release|Any CPU.ActiveCfg = Release|Any CPU
		{489E8E43-B362-47BE-ACCA-DDE30AE836EC}.Release|Any CPU.Build.0 = Release|Any CPU
		{493B61C1-FF3B-4A79-A99C-FD70EA6FAD56}.Debug|Any CPU.ActiveCfg = Debug|Any CPU
		{493B61C1-FF3B-4A79-A99C-FD70EA6FAD56}.Debug|Any CPU.Build.0 = Debug|Any CPU
		{493B61C1-FF3B-4A79-A99C-FD70EA6FAD56}.Release|Any CPU.ActiveCfg = Release|Any CPU
		{493B61C1-FF3B-4A79-A99C-FD70EA6FAD56}.Release|Any CPU.Build.0 = Release|Any CPU
	EndGlobalSection
	GlobalSection(SolutionProperties) = preSolution
		HideSolutionNode = FALSE
	EndGlobalSection
	GlobalSection(ExtensibilityGlobals) = postSolution
		SolutionGuid = {0FABCAF3-7D1E-4EC1-B255-E8AAE27387C6}
	EndGlobalSection
EndGlobal
